<?xml version="1.0" encoding="utf-8"?>
<Project ToolsVersion="4.0" xmlns="http://schemas.microsoft.com/developer/msbuild/2003">
  <ItemGroup>
    <Text Include="ReadMe.txt" />
  </ItemGroup>
  <ItemGroup>
    <Filter Include="Math">
      <UniqueIdentifier>{f805da30-7ae6-470d-bf38-e75429f193da}</UniqueIdentifier>
    </Filter>
    <Filter Include="Sys">
      <UniqueIdentifier>{c39ca9ca-a5c6-46c9-a299-80915419591f}</UniqueIdentifier>
    </Filter>
    <Filter Include="Renderer">
      <UniqueIdentifier>{3562908e-89c6-4929-af96-8273441f9bc7}</UniqueIdentifier>
    </Filter>
    <Filter Include="Sys\Res">
      <UniqueIdentifier>{ffa4525f-6439-4030-937f-30565bb3d4ec}</UniqueIdentifier>
    </Filter>
    <Filter Include="Geometry">
      <UniqueIdentifier>{46b38133-c1a2-4525-a3e0-500d99993bbf}</UniqueIdentifier>
    </Filter>
    <Filter Include="Renderer\dx11">
      <UniqueIdentifier>{ab828030-c013-431b-b385-3c6309ba8ac3}</UniqueIdentifier>
    </Filter>
    <Filter Include="Renderer\opengl">
      <UniqueIdentifier>{beecee22-e863-4e67-a74b-9ad4955ff875}</UniqueIdentifier>
    </Filter>
  </ItemGroup>
  <ItemGroup>
    <ClInclude Include="precompiled.h" />
    <ClInclude Include="math\Math.h">
      <Filter>Math</Filter>
    </ClInclude>
    <ClInclude Include="math\Vector.h">
      <Filter>Math</Filter>
    </ClInclude>
    <ClInclude Include="math\Angles.h">
      <Filter>Math</Filter>
    </ClInclude>
    <ClInclude Include="math\Rotation.h">
      <Filter>Math</Filter>
    </ClInclude>
    <ClInclude Include="math\Quat.h">
      <Filter>Math</Filter>
    </ClInclude>
    <ClInclude Include="math\Matrix.h">
      <Filter>Math</Filter>
    </ClInclude>
    <ClInclude Include="sys\sys_public.h">
      <Filter>Sys</Filter>
    </ClInclude>
    <ClInclude Include="IEngine.h" />
    <ClInclude Include="SimpleEngine.h" />
    <ClInclude Include="resource.h" />
    <ClInclude Include="sys\sys_wnd_public.h">
      <Filter>Sys</Filter>
    </ClInclude>
    <ClInclude Include="sys\sys_wnd_w32.h">
      <Filter>Sys</Filter>
    </ClInclude>
    <ClInclude Include="renderer\render_public.h">
      <Filter>Renderer</Filter>
    </ClInclude>
    <ClInclude Include="geometry\DrawVert.h">
      <Filter>Geometry</Filter>
    </ClInclude>
    <ClInclude Include="renderer\dx11\renderer_dx11.h">
      <Filter>Renderer\dx11</Filter>
    </ClInclude>
    <ClInclude Include="renderer\dx11\ProgramSource.h">
      <Filter>Renderer\dx11</Filter>
    </ClInclude>
    <ClInclude Include="renderer\dx11\Program.h">
      <Filter>Renderer\dx11</Filter>
    </ClInclude>
    <ClInclude Include="renderer\dx11\dx_header.h">
      <Filter>Renderer\dx11</Filter>
    </ClInclude>
  </ItemGroup>
  <ItemGroup>
    <ClCompile Include="math\Math.cpp">
      <Filter>Math</Filter>
    </ClCompile>
    <ClCompile Include="math\Vector.cpp">
      <Filter>Math</Filter>
    </ClCompile>
    <ClCompile Include="precomiled.cpp" />
    <ClCompile Include="math\Angles.cpp">
      <Filter>Math</Filter>
    </ClCompile>
    <ClCompile Include="math\Rotation.cpp">
      <Filter>Math</Filter>
    </ClCompile>
    <ClCompile Include="math\Quat.cpp">
      <Filter>Math</Filter>
    </ClCompile>
    <ClCompile Include="math\Matrix.cpp">
      <Filter>Math</Filter>
    </ClCompile>
    <ClCompile Include="SimpleEngine.cpp" />
    <ClCompile Include="sys\sys_wnd_w32.cpp">
      <Filter>Sys</Filter>
    </ClCompile>
    <ClCompile Include="geometry\DrawVert.cpp">
      <Filter>Geometry</Filter>
    </ClCompile>
    <ClCompile Include="renderer\dx11\renderer_dx11.cpp">
      <Filter>Renderer\dx11</Filter>
    </ClCompile>
    <ClCompile Include="renderer\dx11\ProgramSource.cpp">
      <Filter>Renderer\dx11</Filter>
    </ClCompile>
    <ClCompile Include="renderer\dx11\Program.cpp">
      <Filter>Renderer\dx11</Filter>
    </ClCompile>
  </ItemGroup>
  <ItemGroup>
    <None Include="SimpleEngine.def" />
  </ItemGroup>
  <ItemGroup>
    <ResourceCompile Include="Resource.rc">
      <Filter>Sys\Res</Filter>
    </ResourceCompile>
  </ItemGroup>
  <ItemGroup>
    <Image Include="icon1.ico" />
  </ItemGroup>
</Project>